
Microsoft Visual Studio Solution File, Format Version 12.00
# Visual Studio Version 16
VisualStudioVersion = 16.0.29123.88
MinimumVisualStudioVersion = 10.0.40219.1
Project("{9A19103F-16F7-4668-BE54-9A1E7A4F7556}") = "Workbench", "Workbench\Workbench.csproj", "{509F345A-7F83-4866-854F-5D17F393134E}"
EndProject
Project("{9A19103F-16F7-4668-BE54-9A1E7A4F7556}") = "Decorators", "Decorators\Decorators.csproj", "{7C2EB5AB-DB06-4E83-8A1A-06BA5B39F0C7}"
EndProject
Project("{9A19103F-16F7-4668-BE54-9A1E7A4F7556}") = "EfCore", "EfCore\EfCore.csproj", "{1BACD8E1-7124-4E94-A358-847942A35FEE}"
EndProject
Project("{9A19103F-16F7-4668-BE54-9A1E7A4F7556}") = "EventSourcingSample", "EventSourcingSample\EventSourcingSample.csproj", "{86E4BB86-6B59-4064-AC37-3DAFFCDB4A29}"
EndProject
Project("{9A19103F-16F7-4668-BE54-9A1E7A4F7556}") = "Expenses", "Expenses\Expenses.csproj", "{7AC35ADD-422F-45F9-B30E-6187E66E26E8}"
EndProject
Project("{9A19103F-16F7-4668-BE54-9A1E7A4F7556}") = "DDDSample", "DDDSample\DDDSample.csproj", "{12C11EA8-842A-49AB-95C1-403EC519C2CA}"
EndProject
Global
	GlobalSection(SolutionConfigurationPlatforms) = preSolution
		Debug|Any CPU = Debug|Any CPU
		Release|Any CPU = Release|Any CPU
	EndGlobalSection
	GlobalSection(ProjectConfigurationPlatforms) = postSolution
		{509F345A-7F83-4866-854F-5D17F393134E}.Debug|Any CPU.ActiveCfg = Debug|Any CPU
		{509F345A-7F83-4866-854F-5D17F393134E}.Debug|Any CPU.Build.0 = Debug|Any CPU
		{509F345A-7F83-4866-854F-5D17F393134E}.Release|Any CPU.ActiveCfg = Release|Any CPU
		{509F345A-7F83-4866-854F-5D17F393134E}.Release|Any CPU.Build.0 = Release|Any CPU
		{7C2EB5AB-DB06-4E83-8A1A-06BA5B39F0C7}.Debug|Any CPU.ActiveCfg = Debug|Any CPU
		{7C2EB5AB-DB06-4E83-8A1A-06BA5B39F0C7}.Debug|Any CPU.Build.0 = Debug|Any CPU
		{7C2EB5AB-DB06-4E83-8A1A-06BA5B39F0C7}.Release|Any CPU.ActiveCfg = Release|Any CPU
		{7C2EB5AB-DB06-4E83-8A1A-06BA5B39F0C7}.Release|Any CPU.Build.0 = Release|Any CPU
		{1BACD8E1-7124-4E94-A358-847942A35FEE}.Debug|Any CPU.ActiveCfg = Debug|Any CPU
		{1BACD8E1-7124-4E94-A358-847942A35FEE}.Debug|Any CPU.Build.0 = Debug|Any CPU
		{1BACD8E1-7124-4E94-A358-847942A35FEE}.Release|Any CPU.ActiveCfg = Release|Any CPU
		{1BACD8E1-7124-4E94-A358-847942A35FEE}.Release|Any CPU.Build.0 = Release|Any CPU
		{86E4BB86-6B59-4064-AC37-3DAFFCDB4A29}.Debug|Any CPU.ActiveCfg = Debug|Any CPU
		{86E4BB86-6B59-4064-AC37-3DAFFCDB4A29}.Debug|Any CPU.Build.0 = Debug|Any CPU
		{86E4BB86-6B59-4064-AC37-3DAFFCDB4A29}.Release|Any CPU.ActiveCfg = Release|Any CPU
		{86E4BB86-6B59-4064-AC37-3DAFFCDB4A29}.Release|Any CPU.Build.0 = Release|Any CPU
		{7AC35ADD-422F-45F9-B30E-6187E66E26E8}.Debug|Any CPU.ActiveCfg = Debug|Any CPU
		{7AC35ADD-422F-45F9-B30E-6187E66E26E8}.Debug|Any CPU.Build.0 = Debug|Any CPU
		{7AC35ADD-422F-45F9-B30E-6187E66E26E8}.Release|Any CPU.ActiveCfg = Release|Any CPU
		{7AC35ADD-422F-45F9-B30E-6187E66E26E8}.Release|Any CPU.Build.0 = Release|Any CPU
		{12C11EA8-842A-49AB-95C1-403EC519C2CA}.Debug|Any CPU.ActiveCfg = Debug|Any CPU
		{12C11EA8-842A-49AB-95C1-403EC519C2CA}.Debug|Any CPU.Build.0 = Debug|Any CPU
		{12C11EA8-842A-49AB-95C1-403EC519C2CA}.Release|Any CPU.ActiveCfg = Release|Any CPU
		{12C11EA8-842A-49AB-95C1-403EC519C2CA}.Release|Any CPU.Build.0 = Release|Any CPU
	EndGlobalSection
	GlobalSection(SolutionProperties) = preSolution
		HideSolutionNode = FALSE
	EndGlobalSection
	GlobalSection(ExtensibilityGlobals) = postSolution
		SolutionGuid = {ED5673AD-1A48-4C76-B5E3-A198AE8E7327}
	EndGlobalSection
EndGlobal
