
Microsoft Visual Studio Solution File, Format Version 12.00
# Visual Studio Version 16
VisualStudioVersion = 16.0.29123.88
MinimumVisualStudioVersion = 10.0.40219.1
Project("{9A19103F-16F7-4668-BE54-9A1E7A4F7556}") = "QuartzSample", "QuartzSample\QuartzSample.csproj", "{D62DC28F-024F-4826-8357-50FBAB9642E8}"
EndProject
Project("{9A19103F-16F7-4668-BE54-9A1E7A4F7556}") = "QuartzHostedService", "QuartzHostedService\QuartzHostedService.csproj", "{84C4970E-0C9B-435F-AF75-E55488D6B84A}"
EndProject
Project("{9A19103F-16F7-4668-BE54-9A1E7A4F7556}") = "EfCore", "EfCore\EfCore.csproj", "{10D93E8F-5287-4717-9558-0E39A78F3F7D}"
EndProject
Project("{9A19103F-16F7-4668-BE54-9A1E7A4F7556}") = "Workbench", "Workbench\Workbench.csproj", "{509F345A-7F83-4866-854F-5D17F393134E}"
EndProject
Project("{FAE04EC0-301F-11D3-BF4B-00C04F79EFBC}") = "WebApp", "WebApp\WebApp.csproj", "{911FC20E-89FC-4E6F-AD34-FE23AFD0CC3B}"
EndProject
Project("{FAE04EC0-301F-11D3-BF4B-00C04F79EFBC}") = "Decorators", "Decorators\Decorators.csproj", "{7C2EB5AB-DB06-4E83-8A1A-06BA5B39F0C7}"
EndProject
Global
	GlobalSection(SolutionConfigurationPlatforms) = preSolution
		Debug|Any CPU = Debug|Any CPU
		Release|Any CPU = Release|Any CPU
	EndGlobalSection
	GlobalSection(ProjectConfigurationPlatforms) = postSolution
		{D62DC28F-024F-4826-8357-50FBAB9642E8}.Debug|Any CPU.ActiveCfg = Debug|Any CPU
		{D62DC28F-024F-4826-8357-50FBAB9642E8}.Debug|Any CPU.Build.0 = Debug|Any CPU
		{D62DC28F-024F-4826-8357-50FBAB9642E8}.Release|Any CPU.ActiveCfg = Release|Any CPU
		{D62DC28F-024F-4826-8357-50FBAB9642E8}.Release|Any CPU.Build.0 = Release|Any CPU
		{84C4970E-0C9B-435F-AF75-E55488D6B84A}.Debug|Any CPU.ActiveCfg = Debug|Any CPU
		{84C4970E-0C9B-435F-AF75-E55488D6B84A}.Debug|Any CPU.Build.0 = Debug|Any CPU
		{84C4970E-0C9B-435F-AF75-E55488D6B84A}.Release|Any CPU.ActiveCfg = Release|Any CPU
		{84C4970E-0C9B-435F-AF75-E55488D6B84A}.Release|Any CPU.Build.0 = Release|Any CPU
		{10D93E8F-5287-4717-9558-0E39A78F3F7D}.Debug|Any CPU.ActiveCfg = Debug|Any CPU
		{10D93E8F-5287-4717-9558-0E39A78F3F7D}.Debug|Any CPU.Build.0 = Debug|Any CPU
		{10D93E8F-5287-4717-9558-0E39A78F3F7D}.Release|Any CPU.ActiveCfg = Release|Any CPU
		{10D93E8F-5287-4717-9558-0E39A78F3F7D}.Release|Any CPU.Build.0 = Release|Any CPU
		{509F345A-7F83-4866-854F-5D17F393134E}.Debug|Any CPU.ActiveCfg = Debug|Any CPU
		{509F345A-7F83-4866-854F-5D17F393134E}.Debug|Any CPU.Build.0 = Debug|Any CPU
		{509F345A-7F83-4866-854F-5D17F393134E}.Release|Any CPU.ActiveCfg = Release|Any CPU
		{509F345A-7F83-4866-854F-5D17F393134E}.Release|Any CPU.Build.0 = Release|Any CPU
		{911FC20E-89FC-4E6F-AD34-FE23AFD0CC3B}.Debug|Any CPU.ActiveCfg = Debug|Any CPU
		{911FC20E-89FC-4E6F-AD34-FE23AFD0CC3B}.Debug|Any CPU.Build.0 = Debug|Any CPU
		{911FC20E-89FC-4E6F-AD34-FE23AFD0CC3B}.Release|Any CPU.ActiveCfg = Release|Any CPU
		{911FC20E-89FC-4E6F-AD34-FE23AFD0CC3B}.Release|Any CPU.Build.0 = Release|Any CPU
		{7C2EB5AB-DB06-4E83-8A1A-06BA5B39F0C7}.Debug|Any CPU.ActiveCfg = Debug|Any CPU
		{7C2EB5AB-DB06-4E83-8A1A-06BA5B39F0C7}.Debug|Any CPU.Build.0 = Debug|Any CPU
		{7C2EB5AB-DB06-4E83-8A1A-06BA5B39F0C7}.Release|Any CPU.ActiveCfg = Release|Any CPU
		{7C2EB5AB-DB06-4E83-8A1A-06BA5B39F0C7}.Release|Any CPU.Build.0 = Release|Any CPU
	EndGlobalSection
	GlobalSection(SolutionProperties) = preSolution
		HideSolutionNode = FALSE
	EndGlobalSection
	GlobalSection(ExtensibilityGlobals) = postSolution
		SolutionGuid = {ED5673AD-1A48-4C76-B5E3-A198AE8E7327}
	EndGlobalSection
EndGlobal
