
Microsoft Visual Studio Solution File, Format Version 12.00
# Visual Studio Version 16
VisualStudioVersion = 16.0.29123.88
MinimumVisualStudioVersion = 10.0.40219.1
Project("{9A19103F-16F7-4668-BE54-9A1E7A4F7556}") = "QuartzHostedService", "QuartzHostedService\QuartzHostedService.csproj", "{84C4970E-0C9B-435F-AF75-E55488D6B84A}"
EndProject
Project("{9A19103F-16F7-4668-BE54-9A1E7A4F7556}") = "Workbench", "Workbench\Workbench.csproj", "{509F345A-7F83-4866-854F-5D17F393134E}"
EndProject
Project("{9A19103F-16F7-4668-BE54-9A1E7A4F7556}") = "Decorators", "Decorators\Decorators.csproj", "{7C2EB5AB-DB06-4E83-8A1A-06BA5B39F0C7}"
EndProject
Project("{9A19103F-16F7-4668-BE54-9A1E7A4F7556}") = "WebAppCore", "WebAppCore\WebAppCore.csproj", "{CC129FCB-C0B8-4194-8BEE-627492D08CA8}"
EndProject
Project("{9A19103F-16F7-4668-BE54-9A1E7A4F7556}") = "WorkerService", "WorkerService\WorkerService.csproj", "{5F7626A3-48F1-41D3-9E36-11FFF403D501}"
EndProject
Project("{9A19103F-16F7-4668-BE54-9A1E7A4F7556}") = "WebApp3", "WebApp3\WebApp3.csproj", "{82316F06-1CE1-43BE-8FD8-17D42F80EDF8}"
EndProject
Project("{FAE04EC0-301F-11D3-BF4B-00C04F79EFBC}") = "Mediator", "Mediator\Mediator.csproj", "{2B266ECD-E063-4427-8BAB-182098674770}"
EndProject
Global
	GlobalSection(SolutionConfigurationPlatforms) = preSolution
		Debug|Any CPU = Debug|Any CPU
		Release|Any CPU = Release|Any CPU
	EndGlobalSection
	GlobalSection(ProjectConfigurationPlatforms) = postSolution
		{84C4970E-0C9B-435F-AF75-E55488D6B84A}.Debug|Any CPU.ActiveCfg = Debug|Any CPU
		{84C4970E-0C9B-435F-AF75-E55488D6B84A}.Debug|Any CPU.Build.0 = Debug|Any CPU
		{84C4970E-0C9B-435F-AF75-E55488D6B84A}.Release|Any CPU.ActiveCfg = Release|Any CPU
		{84C4970E-0C9B-435F-AF75-E55488D6B84A}.Release|Any CPU.Build.0 = Release|Any CPU
		{509F345A-7F83-4866-854F-5D17F393134E}.Debug|Any CPU.ActiveCfg = Debug|Any CPU
		{509F345A-7F83-4866-854F-5D17F393134E}.Debug|Any CPU.Build.0 = Debug|Any CPU
		{509F345A-7F83-4866-854F-5D17F393134E}.Release|Any CPU.ActiveCfg = Release|Any CPU
		{509F345A-7F83-4866-854F-5D17F393134E}.Release|Any CPU.Build.0 = Release|Any CPU
		{7C2EB5AB-DB06-4E83-8A1A-06BA5B39F0C7}.Debug|Any CPU.ActiveCfg = Debug|Any CPU
		{7C2EB5AB-DB06-4E83-8A1A-06BA5B39F0C7}.Debug|Any CPU.Build.0 = Debug|Any CPU
		{7C2EB5AB-DB06-4E83-8A1A-06BA5B39F0C7}.Release|Any CPU.ActiveCfg = Release|Any CPU
		{7C2EB5AB-DB06-4E83-8A1A-06BA5B39F0C7}.Release|Any CPU.Build.0 = Release|Any CPU
		{CC129FCB-C0B8-4194-8BEE-627492D08CA8}.Debug|Any CPU.ActiveCfg = Debug|Any CPU
		{CC129FCB-C0B8-4194-8BEE-627492D08CA8}.Debug|Any CPU.Build.0 = Debug|Any CPU
		{CC129FCB-C0B8-4194-8BEE-627492D08CA8}.Release|Any CPU.ActiveCfg = Release|Any CPU
		{CC129FCB-C0B8-4194-8BEE-627492D08CA8}.Release|Any CPU.Build.0 = Release|Any CPU
		{5F7626A3-48F1-41D3-9E36-11FFF403D501}.Debug|Any CPU.ActiveCfg = Debug|Any CPU
		{5F7626A3-48F1-41D3-9E36-11FFF403D501}.Debug|Any CPU.Build.0 = Debug|Any CPU
		{5F7626A3-48F1-41D3-9E36-11FFF403D501}.Release|Any CPU.ActiveCfg = Release|Any CPU
		{5F7626A3-48F1-41D3-9E36-11FFF403D501}.Release|Any CPU.Build.0 = Release|Any CPU
		{82316F06-1CE1-43BE-8FD8-17D42F80EDF8}.Debug|Any CPU.ActiveCfg = Debug|Any CPU
		{82316F06-1CE1-43BE-8FD8-17D42F80EDF8}.Debug|Any CPU.Build.0 = Debug|Any CPU
		{82316F06-1CE1-43BE-8FD8-17D42F80EDF8}.Release|Any CPU.ActiveCfg = Release|Any CPU
		{82316F06-1CE1-43BE-8FD8-17D42F80EDF8}.Release|Any CPU.Build.0 = Release|Any CPU
		{2B266ECD-E063-4427-8BAB-182098674770}.Debug|Any CPU.ActiveCfg = Debug|Any CPU
		{2B266ECD-E063-4427-8BAB-182098674770}.Debug|Any CPU.Build.0 = Debug|Any CPU
		{2B266ECD-E063-4427-8BAB-182098674770}.Release|Any CPU.ActiveCfg = Release|Any CPU
		{2B266ECD-E063-4427-8BAB-182098674770}.Release|Any CPU.Build.0 = Release|Any CPU
	EndGlobalSection
	GlobalSection(SolutionProperties) = preSolution
		HideSolutionNode = FALSE
	EndGlobalSection
	GlobalSection(ExtensibilityGlobals) = postSolution
		SolutionGuid = {ED5673AD-1A48-4C76-B5E3-A198AE8E7327}
	EndGlobalSection
EndGlobal
